// !$*UTF8*$!
{
	archiveVersion = 1;
	classes = {
	};
	objectVersion = 51;
	objects = {

/* Begin PBXBuildFile section */
		4DD6D027E25866BBE00D0C84 /* Pods_TinderApp_TinderAppUITests.framework in Frameworks */ = {isa = PBXBuildFile; fileRef = 5ABD60E59E6988C1646371F1 /* Pods_TinderApp_TinderAppUITests.framework */; };
		95E641F7F6FD24F57EB9BA82 /* Pods_TinderApp.framework in Frameworks */ = {isa = PBXBuildFile; fileRef = BA8A80A14F1A8334EE304F26 /* Pods_TinderApp.framework */; };
		B8435AA839810D8FE98FA99B /* Pods_TinderAppTests.framework in Frameworks */ = {isa = PBXBuildFile; fileRef = DDA5C46D72FE6C994FA2BE4C /* Pods_TinderAppTests.framework */; };
		B910F0A0252EBFDB0055DB57 /* Constantes.swift in Sources */ = {isa = PBXBuildFile; fileRef = B910F09F252EBFDB0055DB57 /* Constantes.swift */; };
		B9172A1C252798990037966E /* LoginController.swift in Sources */ = {isa = PBXBuildFile; fileRef = B9172A1B252798990037966E /* LoginController.swift */; };
		B9172A242527990C0037966E /* RegistrationController.swift in Sources */ = {isa = PBXBuildFile; fileRef = B9172A232527990C0037966E /* RegistrationController.swift */; };
		B9172A2A2527A7CE0037966E /* CustomAuthTextField.swift in Sources */ = {isa = PBXBuildFile; fileRef = B9172A292527A7CE0037966E /* CustomAuthTextField.swift */; };
		B9172A2F2527AAD30037966E /* CustomAuthButton.swift in Sources */ = {isa = PBXBuildFile; fileRef = B9172A2E2527AAD30037966E /* CustomAuthButton.swift */; };
		B9172A3A2527B8380037966E /* CustomAuthTextButton.swift in Sources */ = {isa = PBXBuildFile; fileRef = B9172A392527B8380037966E /* CustomAuthTextButton.swift */; };
		B960D6A0252E3861003D4CE7 /* AuthService.swift in Sources */ = {isa = PBXBuildFile; fileRef = B960D69F252E3861003D4CE7 /* AuthService.swift */; };
		B960D6A8252E38F5003D4CE7 /* Service.swift in Sources */ = {isa = PBXBuildFile; fileRef = B960D6A7252E38F5003D4CE7 /* Service.swift */; };
		B96A8CF7252CC83B00A3A6B0 /* AuthenticationViewModel.swift in Sources */ = {isa = PBXBuildFile; fileRef = B96A8CF6252CC83B00A3A6B0 /* AuthenticationViewModel.swift */; };
		B96A8CFC252CD64F00A3A6B0 /* GoogleService-Info.plist in Resources */ = {isa = PBXBuildFile; fileRef = B96A8CFB252CD64F00A3A6B0 /* GoogleService-Info.plist */; };
		B9DE14DA2524EC85001AD8D9 /* User.swift in Sources */ = {isa = PBXBuildFile; fileRef = B9DE14D92524EC85001AD8D9 /* User.swift */; };
		B9DE14DF2524EDA9001AD8D9 /* CardViewModel.swift in Sources */ = {isa = PBXBuildFile; fileRef = B9DE14DE2524EDA9001AD8D9 /* CardViewModel.swift */; };
		B9F6ACC52522552E001EA75C /* AppDelegate.swift in Sources */ = {isa = PBXBuildFile; fileRef = B9F6ACC42522552E001EA75C /* AppDelegate.swift */; };
		B9F6ACC72522552E001EA75C /* SceneDelegate.swift in Sources */ = {isa = PBXBuildFile; fileRef = B9F6ACC62522552E001EA75C /* SceneDelegate.swift */; };
		B9F6ACCC2522552E001EA75C /* Main.storyboard in Resources */ = {isa = PBXBuildFile; fileRef = B9F6ACCA2522552E001EA75C /* Main.storyboard */; };
		B9F6ACCF2522552E001EA75C /* TinderApp.xcdatamodeld in Sources */ = {isa = PBXBuildFile; fileRef = B9F6ACCD2522552E001EA75C /* TinderApp.xcdatamodeld */; };
		B9F6ACD12522553A001EA75C /* Assets.xcassets in Resources */ = {isa = PBXBuildFile; fileRef = B9F6ACD02522553A001EA75C /* Assets.xcassets */; };
		B9F6ACD42522553A001EA75C /* LaunchScreen.storyboard in Resources */ = {isa = PBXBuildFile; fileRef = B9F6ACD22522553A001EA75C /* LaunchScreen.storyboard */; };
		B9F6ACDF2522553B001EA75C /* TinderAppTests.swift in Sources */ = {isa = PBXBuildFile; fileRef = B9F6ACDE2522553B001EA75C /* TinderAppTests.swift */; };
		B9F6ACEA2522553B001EA75C /* TinderAppUITests.swift in Sources */ = {isa = PBXBuildFile; fileRef = B9F6ACE92522553B001EA75C /* TinderAppUITests.swift */; };
		B9F6AD04252256BF001EA75C /* HomeController.swift in Sources */ = {isa = PBXBuildFile; fileRef = B9F6AD03252256BF001EA75C /* HomeController.swift */; };
		B9F6AD0925225C3B001EA75C /* Extensions.swift in Sources */ = {isa = PBXBuildFile; fileRef = B9F6AD0825225C3B001EA75C /* Extensions.swift */; };
		B9F6AD0E25225E4E001EA75C /* HomeNavigationStackView.swift in Sources */ = {isa = PBXBuildFile; fileRef = B9F6AD0D25225E4E001EA75C /* HomeNavigationStackView.swift */; };
		B9F6AD132522770A001EA75C /* BottomControlsStackView.swift in Sources */ = {isa = PBXBuildFile; fileRef = B9F6AD122522770A001EA75C /* BottomControlsStackView.swift */; };
		B9F6AD18252281CF001EA75C /* CardView.swift in Sources */ = {isa = PBXBuildFile; fileRef = B9F6AD17252281CF001EA75C /* CardView.swift */; };
		B9F6AD202522FEE8001EA75C /* Enums.swift in Sources */ = {isa = PBXBuildFile; fileRef = B9F6AD1F2522FEE8001EA75C /* Enums.swift */; };
/* End PBXBuildFile section */

/* Begin PBXContainerItemProxy section */
		B9F6ACDB2522553B001EA75C /* PBXContainerItemProxy */ = {
			isa = PBXContainerItemProxy;
			containerPortal = B9F6ACB92522552E001EA75C /* Project object */;
			proxyType = 1;
			remoteGlobalIDString = B9F6ACC02522552E001EA75C;
			remoteInfo = TinderApp;
		};
		B9F6ACE62522553B001EA75C /* PBXContainerItemProxy */ = {
			isa = PBXContainerItemProxy;
			containerPortal = B9F6ACB92522552E001EA75C /* Project object */;
			proxyType = 1;
			remoteGlobalIDString = B9F6ACC02522552E001EA75C;
			remoteInfo = TinderApp;
		};
/* End PBXContainerItemProxy section */

/* Begin PBXFileReference section */
		040D49C4A41D9439B5D28F01 /* Pods-TinderApp.release.xcconfig */ = {isa = PBXFileReference; includeInIndex = 1; lastKnownFileType = text.xcconfig; name = "Pods-TinderApp.release.xcconfig"; path = "Target Support Files/Pods-TinderApp/Pods-TinderApp.release.xcconfig"; sourceTree = "<group>"; };
		3E9A29D2DB23508EFFE77AAB /* Pods-TinderApp-TinderAppUITests.debug.xcconfig */ = {isa = PBXFileReference; includeInIndex = 1; lastKnownFileType = text.xcconfig; name = "Pods-TinderApp-TinderAppUITests.debug.xcconfig"; path = "Target Support Files/Pods-TinderApp-TinderAppUITests/Pods-TinderApp-TinderAppUITests.debug.xcconfig"; sourceTree = "<group>"; };
		51DEEFC2CAB569DAB8E569FC /* Pods-TinderAppTests.debug.xcconfig */ = {isa = PBXFileReference; includeInIndex = 1; lastKnownFileType = text.xcconfig; name = "Pods-TinderAppTests.debug.xcconfig"; path = "Target Support Files/Pods-TinderAppTests/Pods-TinderAppTests.debug.xcconfig"; sourceTree = "<group>"; };
		5ABD60E59E6988C1646371F1 /* Pods_TinderApp_TinderAppUITests.framework */ = {isa = PBXFileReference; explicitFileType = wrapper.framework; includeInIndex = 0; path = Pods_TinderApp_TinderAppUITests.framework; sourceTree = BUILT_PRODUCTS_DIR; };
		95022CB067B730E6C8ECFBAB /* Pods-TinderApp-TinderAppUITests.release.xcconfig */ = {isa = PBXFileReference; includeInIndex = 1; lastKnownFileType = text.xcconfig; name = "Pods-TinderApp-TinderAppUITests.release.xcconfig"; path = "Target Support Files/Pods-TinderApp-TinderAppUITests/Pods-TinderApp-TinderAppUITests.release.xcconfig"; sourceTree = "<group>"; };
		B910F09F252EBFDB0055DB57 /* Constantes.swift */ = {isa = PBXFileReference; lastKnownFileType = sourcecode.swift; path = Constantes.swift; sourceTree = "<group>"; };
		B9172A1B252798990037966E /* LoginController.swift */ = {isa = PBXFileReference; lastKnownFileType = sourcecode.swift; path = LoginController.swift; sourceTree = "<group>"; };
		B9172A232527990C0037966E /* RegistrationController.swift */ = {isa = PBXFileReference; lastKnownFileType = sourcecode.swift; path = RegistrationController.swift; sourceTree = "<group>"; };
		B9172A292527A7CE0037966E /* CustomAuthTextField.swift */ = {isa = PBXFileReference; lastKnownFileType = sourcecode.swift; path = CustomAuthTextField.swift; sourceTree = "<group>"; };
		B9172A2E2527AAD30037966E /* CustomAuthButton.swift */ = {isa = PBXFileReference; lastKnownFileType = sourcecode.swift; path = CustomAuthButton.swift; sourceTree = "<group>"; };
		B9172A392527B8380037966E /* CustomAuthTextButton.swift */ = {isa = PBXFileReference; lastKnownFileType = sourcecode.swift; path = CustomAuthTextButton.swift; sourceTree = "<group>"; };
		B960D69F252E3861003D4CE7 /* AuthService.swift */ = {isa = PBXFileReference; lastKnownFileType = sourcecode.swift; path = AuthService.swift; sourceTree = "<group>"; };
		B960D6A7252E38F5003D4CE7 /* Service.swift */ = {isa = PBXFileReference; lastKnownFileType = sourcecode.swift; path = Service.swift; sourceTree = "<group>"; };
		B96A8CF6252CC83B00A3A6B0 /* AuthenticationViewModel.swift */ = {isa = PBXFileReference; lastKnownFileType = sourcecode.swift; path = AuthenticationViewModel.swift; sourceTree = "<group>"; };
		B96A8CFB252CD64F00A3A6B0 /* GoogleService-Info.plist */ = {isa = PBXFileReference; fileEncoding = 4; lastKnownFileType = text.plist.xml; path = "GoogleService-Info.plist"; sourceTree = "<group>"; };
		B9DE14D92524EC85001AD8D9 /* User.swift */ = {isa = PBXFileReference; lastKnownFileType = sourcecode.swift; path = User.swift; sourceTree = "<group>"; };
		B9DE14DE2524EDA9001AD8D9 /* CardViewModel.swift */ = {isa = PBXFileReference; lastKnownFileType = sourcecode.swift; path = CardViewModel.swift; sourceTree = "<group>"; };
		B9F6ACC12522552E001EA75C /* TinderApp.app */ = {isa = PBXFileReference; explicitFileType = wrapper.application; includeInIndex = 0; path = TinderApp.app; sourceTree = BUILT_PRODUCTS_DIR; };
		B9F6ACC42522552E001EA75C /* AppDelegate.swift */ = {isa = PBXFileReference; lastKnownFileType = sourcecode.swift; path = AppDelegate.swift; sourceTree = "<group>"; };
		B9F6ACC62522552E001EA75C /* SceneDelegate.swift */ = {isa = PBXFileReference; lastKnownFileType = sourcecode.swift; path = SceneDelegate.swift; sourceTree = "<group>"; };
		B9F6ACCB2522552E001EA75C /* Base */ = {isa = PBXFileReference; lastKnownFileType = file.storyboard; name = Base; path = Base.lproj/Main.storyboard; sourceTree = "<group>"; };
		B9F6ACCE2522552E001EA75C /* TinderApp.xcdatamodel */ = {isa = PBXFileReference; lastKnownFileType = wrapper.xcdatamodel; path = TinderApp.xcdatamodel; sourceTree = "<group>"; };
		B9F6ACD02522553A001EA75C /* Assets.xcassets */ = {isa = PBXFileReference; lastKnownFileType = folder.assetcatalog; path = Assets.xcassets; sourceTree = "<group>"; };
		B9F6ACD32522553A001EA75C /* Base */ = {isa = PBXFileReference; lastKnownFileType = file.storyboard; name = Base; path = Base.lproj/LaunchScreen.storyboard; sourceTree = "<group>"; };
		B9F6ACD52522553A001EA75C /* Info.plist */ = {isa = PBXFileReference; lastKnownFileType = text.plist.xml; path = Info.plist; sourceTree = "<group>"; };
		B9F6ACDA2522553B001EA75C /* TinderAppTests.xctest */ = {isa = PBXFileReference; explicitFileType = wrapper.cfbundle; includeInIndex = 0; path = TinderAppTests.xctest; sourceTree = BUILT_PRODUCTS_DIR; };
		B9F6ACDE2522553B001EA75C /* TinderAppTests.swift */ = {isa = PBXFileReference; lastKnownFileType = sourcecode.swift; path = TinderAppTests.swift; sourceTree = "<group>"; };
		B9F6ACE02522553B001EA75C /* Info.plist */ = {isa = PBXFileReference; lastKnownFileType = text.plist.xml; path = Info.plist; sourceTree = "<group>"; };
		B9F6ACE52522553B001EA75C /* TinderAppUITests.xctest */ = {isa = PBXFileReference; explicitFileType = wrapper.cfbundle; includeInIndex = 0; path = TinderAppUITests.xctest; sourceTree = BUILT_PRODUCTS_DIR; };
		B9F6ACE92522553B001EA75C /* TinderAppUITests.swift */ = {isa = PBXFileReference; lastKnownFileType = sourcecode.swift; path = TinderAppUITests.swift; sourceTree = "<group>"; };
		B9F6ACEB2522553B001EA75C /* Info.plist */ = {isa = PBXFileReference; lastKnownFileType = text.plist.xml; path = Info.plist; sourceTree = "<group>"; };
		B9F6AD03252256BF001EA75C /* HomeController.swift */ = {isa = PBXFileReference; lastKnownFileType = sourcecode.swift; path = HomeController.swift; sourceTree = "<group>"; };
		B9F6AD0825225C3B001EA75C /* Extensions.swift */ = {isa = PBXFileReference; lastKnownFileType = sourcecode.swift; path = Extensions.swift; sourceTree = "<group>"; };
		B9F6AD0D25225E4E001EA75C /* HomeNavigationStackView.swift */ = {isa = PBXFileReference; lastKnownFileType = sourcecode.swift; path = HomeNavigationStackView.swift; sourceTree = "<group>"; };
		B9F6AD122522770A001EA75C /* BottomControlsStackView.swift */ = {isa = PBXFileReference; lastKnownFileType = sourcecode.swift; path = BottomControlsStackView.swift; sourceTree = "<group>"; };
		B9F6AD17252281CF001EA75C /* CardView.swift */ = {isa = PBXFileReference; lastKnownFileType = sourcecode.swift; path = CardView.swift; sourceTree = "<group>"; };
		B9F6AD1F2522FEE8001EA75C /* Enums.swift */ = {isa = PBXFileReference; lastKnownFileType = sourcecode.swift; path = Enums.swift; sourceTree = "<group>"; };
		BA8A80A14F1A8334EE304F26 /* Pods_TinderApp.framework */ = {isa = PBXFileReference; explicitFileType = wrapper.framework; includeInIndex = 0; path = Pods_TinderApp.framework; sourceTree = BUILT_PRODUCTS_DIR; };
		CFAF7B594EFB9FE46B50AF8E /* Pods-TinderAppTests.release.xcconfig */ = {isa = PBXFileReference; includeInIndex = 1; lastKnownFileType = text.xcconfig; name = "Pods-TinderAppTests.release.xcconfig"; path = "Target Support Files/Pods-TinderAppTests/Pods-TinderAppTests.release.xcconfig"; sourceTree = "<group>"; };
		DDA5C46D72FE6C994FA2BE4C /* Pods_TinderAppTests.framework */ = {isa = PBXFileReference; explicitFileType = wrapper.framework; includeInIndex = 0; path = Pods_TinderAppTests.framework; sourceTree = BUILT_PRODUCTS_DIR; };
		F141552B0027902652FD34F6 /* Pods-TinderApp.debug.xcconfig */ = {isa = PBXFileReference; includeInIndex = 1; lastKnownFileType = text.xcconfig; name = "Pods-TinderApp.debug.xcconfig"; path = "Target Support Files/Pods-TinderApp/Pods-TinderApp.debug.xcconfig"; sourceTree = "<group>"; };
/* End PBXFileReference section */

/* Begin PBXFrameworksBuildPhase section */
		B9F6ACBE2522552E001EA75C /* Frameworks */ = {
			isa = PBXFrameworksBuildPhase;
			buildActionMask = 2147483647;
			files = (
				95E641F7F6FD24F57EB9BA82 /* Pods_TinderApp.framework in Frameworks */,
			);
			runOnlyForDeploymentPostprocessing = 0;
		};
		B9F6ACD72522553B001EA75C /* Frameworks */ = {
			isa = PBXFrameworksBuildPhase;
			buildActionMask = 2147483647;
			files = (
				B8435AA839810D8FE98FA99B /* Pods_TinderAppTests.framework in Frameworks */,
			);
			runOnlyForDeploymentPostprocessing = 0;
		};
		B9F6ACE22522553B001EA75C /* Frameworks */ = {
			isa = PBXFrameworksBuildPhase;
			buildActionMask = 2147483647;
			files = (
				4DD6D027E25866BBE00D0C84 /* Pods_TinderApp_TinderAppUITests.framework in Frameworks */,
			);
			runOnlyForDeploymentPostprocessing = 0;
		};
/* End PBXFrameworksBuildPhase section */

/* Begin PBXGroup section */
		008744B9A78A10460A07BE96 /* Frameworks */ = {
			isa = PBXGroup;
			children = (
				BA8A80A14F1A8334EE304F26 /* Pods_TinderApp.framework */,
				5ABD60E59E6988C1646371F1 /* Pods_TinderApp_TinderAppUITests.framework */,
				DDA5C46D72FE6C994FA2BE4C /* Pods_TinderAppTests.framework */,
			);
			name = Frameworks;
			sourceTree = "<group>";
		};
		85BDDCE3156E4637009EA28A /* Pods */ = {
			isa = PBXGroup;
			children = (
				F141552B0027902652FD34F6 /* Pods-TinderApp.debug.xcconfig */,
				040D49C4A41D9439B5D28F01 /* Pods-TinderApp.release.xcconfig */,
				3E9A29D2DB23508EFFE77AAB /* Pods-TinderApp-TinderAppUITests.debug.xcconfig */,
				95022CB067B730E6C8ECFBAB /* Pods-TinderApp-TinderAppUITests.release.xcconfig */,
				51DEEFC2CAB569DAB8E569FC /* Pods-TinderAppTests.debug.xcconfig */,
				CFAF7B594EFB9FE46B50AF8E /* Pods-TinderAppTests.release.xcconfig */,
			);
			path = Pods;
			sourceTree = "<group>";
		};
		B9172A1A2527982E0037966E /* Authentication */ = {
			isa = PBXGroup;
			children = (
				B9172A1B252798990037966E /* LoginController.swift */,
				B9172A232527990C0037966E /* RegistrationController.swift */,
			);
			path = Authentication;
			sourceTree = "<group>";
		};
		B9172A282527A7AE0037966E /* Custom */ = {
			isa = PBXGroup;
			children = (
				B9172A292527A7CE0037966E /* CustomAuthTextField.swift */,
				B9172A2E2527AAD30037966E /* CustomAuthButton.swift */,
				B9172A392527B8380037966E /* CustomAuthTextButton.swift */,
			);
			path = Custom;
			sourceTree = "<group>";
		};
		B9F6ACB82522552E001EA75C = {
			isa = PBXGroup;
			children = (
				B9F6ACC32522552E001EA75C /* TinderApp */,
				B9F6ACDD2522553B001EA75C /* TinderAppTests */,
				B9F6ACE82522553B001EA75C /* TinderAppUITests */,
				B9F6ACC22522552E001EA75C /* Products */,
				85BDDCE3156E4637009EA28A /* Pods */,
				008744B9A78A10460A07BE96 /* Frameworks */,
			);
			sourceTree = "<group>";
		};
		B9F6ACC22522552E001EA75C /* Products */ = {
			isa = PBXGroup;
			children = (
				B9F6ACC12522552E001EA75C /* TinderApp.app */,
				B9F6ACDA2522553B001EA75C /* TinderAppTests.xctest */,
				B9F6ACE52522553B001EA75C /* TinderAppUITests.xctest */,
			);
			name = Products;
			sourceTree = "<group>";
		};
		B9F6ACC32522552E001EA75C /* TinderApp */ = {
			isa = PBXGroup;
			children = (
				B9F6ACFA252255D8001EA75C /* Model */,
				B9F6ACFB252255DE001EA75C /* View */,
				B9F6ACFC252255E6001EA75C /* ViewModel */,
				B9F6ACFD252255F3001EA75C /* Controller */,
				B9F6ACFE252255FF001EA75C /* API */,
				B9F6ACFF25225608001EA75C /* Utils */,
				B9F6ACC42522552E001EA75C /* AppDelegate.swift */,
				B9F6ACC62522552E001EA75C /* SceneDelegate.swift */,
				B9F6ACCA2522552E001EA75C /* Main.storyboard */,
				B9F6ACD02522553A001EA75C /* Assets.xcassets */,
				B9F6ACD22522553A001EA75C /* LaunchScreen.storyboard */,
				B9F6ACD52522553A001EA75C /* Info.plist */,
				B96A8CFB252CD64F00A3A6B0 /* GoogleService-Info.plist */,
				B9F6ACCD2522552E001EA75C /* TinderApp.xcdatamodeld */,
			);
			path = TinderApp;
			sourceTree = "<group>";
		};
		B9F6ACDD2522553B001EA75C /* TinderAppTests */ = {
			isa = PBXGroup;
			children = (
				B9F6ACDE2522553B001EA75C /* TinderAppTests.swift */,
				B9F6ACE02522553B001EA75C /* Info.plist */,
			);
			path = TinderAppTests;
			sourceTree = "<group>";
		};
		B9F6ACE82522553B001EA75C /* TinderAppUITests */ = {
			isa = PBXGroup;
			children = (
				B9F6ACE92522553B001EA75C /* TinderAppUITests.swift */,
				B9F6ACEB2522553B001EA75C /* Info.plist */,
			);
			path = TinderAppUITests;
			sourceTree = "<group>";
		};
		B9F6ACFA252255D8001EA75C /* Model */ = {
			isa = PBXGroup;
			children = (
				B9DE14D92524EC85001AD8D9 /* User.swift */,
			);
			path = Model;
			sourceTree = "<group>";
		};
		B9F6ACFB252255DE001EA75C /* View */ = {
			isa = PBXGroup;
			children = (
				B9F6AD0D25225E4E001EA75C /* HomeNavigationStackView.swift */,
				B9F6AD122522770A001EA75C /* BottomControlsStackView.swift */,
				B9F6AD17252281CF001EA75C /* CardView.swift */,
			);
			path = View;
			sourceTree = "<group>";
		};
		B9F6ACFC252255E6001EA75C /* ViewModel */ = {
			isa = PBXGroup;
			children = (
				B9DE14DE2524EDA9001AD8D9 /* CardViewModel.swift */,
				B96A8CF6252CC83B00A3A6B0 /* AuthenticationViewModel.swift */,
			);
			path = ViewModel;
			sourceTree = "<group>";
		};
		B9F6ACFD252255F3001EA75C /* Controller */ = {
			isa = PBXGroup;
			children = (
				B9172A1A2527982E0037966E /* Authentication */,
				B9F6AD03252256BF001EA75C /* HomeController.swift */,
			);
			path = Controller;
			sourceTree = "<group>";
		};
		B9F6ACFE252255FF001EA75C /* API */ = {
			isa = PBXGroup;
			children = (
				B960D69F252E3861003D4CE7 /* AuthService.swift */,
				B960D6A7252E38F5003D4CE7 /* Service.swift */,
			);
			path = API;
			sourceTree = "<group>";
		};
		B9F6ACFF25225608001EA75C /* Utils */ = {
			isa = PBXGroup;
			children = (
				B9172A282527A7AE0037966E /* Custom */,
				B9F6AD0825225C3B001EA75C /* Extensions.swift */,
				B9F6AD1F2522FEE8001EA75C /* Enums.swift */,
				B910F09F252EBFDB0055DB57 /* Constantes.swift */,
			);
			path = Utils;
			sourceTree = "<group>";
		};
/* End PBXGroup section */

/* Begin PBXNativeTarget section */
		B9F6ACC02522552E001EA75C /* TinderApp */ = {
			isa = PBXNativeTarget;
			buildConfigurationList = B9F6ACEE2522553B001EA75C /* Build configuration list for PBXNativeTarget "TinderApp" */;
			buildPhases = (
				89501D7ADEB199BAD79B205B /* [CP] Check Pods Manifest.lock */,
				B9F6ACBD2522552E001EA75C /* Sources */,
				B9F6ACBE2522552E001EA75C /* Frameworks */,
				B9F6ACBF2522552E001EA75C /* Resources */,
				5837A48BCA7FC27E8DFC9FBA /* [CP] Embed Pods Frameworks */,
			);
			buildRules = (
			);
			dependencies = (
			);
			name = TinderApp;
			productName = TinderApp;
			productReference = B9F6ACC12522552E001EA75C /* TinderApp.app */;
			productType = "com.apple.product-type.application";
		};
		B9F6ACD92522553B001EA75C /* TinderAppTests */ = {
			isa = PBXNativeTarget;
			buildConfigurationList = B9F6ACF12522553B001EA75C /* Build configuration list for PBXNativeTarget "TinderAppTests" */;
			buildPhases = (
				3550BB1EC838BFD2E167A4E7 /* [CP] Check Pods Manifest.lock */,
				B9F6ACD62522553B001EA75C /* Sources */,
				B9F6ACD72522553B001EA75C /* Frameworks */,
				B9F6ACD82522553B001EA75C /* Resources */,
			);
			buildRules = (
			);
			dependencies = (
				B9F6ACDC2522553B001EA75C /* PBXTargetDependency */,
			);
			name = TinderAppTests;
			productName = TinderAppTests;
			productReference = B9F6ACDA2522553B001EA75C /* TinderAppTests.xctest */;
			productType = "com.apple.product-type.bundle.unit-test";
		};
		B9F6ACE42522553B001EA75C /* TinderAppUITests */ = {
			isa = PBXNativeTarget;
			buildConfigurationList = B9F6ACF42522553B001EA75C /* Build configuration list for PBXNativeTarget "TinderAppUITests" */;
			buildPhases = (
				557914DDA3F4B47AA2D22FD3 /* [CP] Check Pods Manifest.lock */,
				B9F6ACE12522553B001EA75C /* Sources */,
				B9F6ACE22522553B001EA75C /* Frameworks */,
				B9F6ACE32522553B001EA75C /* Resources */,
				FCBEC53277F84C1B2A62B53A /* [CP] Embed Pods Frameworks */,
			);
			buildRules = (
			);
			dependencies = (
				B9F6ACE72522553B001EA75C /* PBXTargetDependency */,
			);
			name = TinderAppUITests;
			productName = TinderAppUITests;
			productReference = B9F6ACE52522553B001EA75C /* TinderAppUITests.xctest */;
			productType = "com.apple.product-type.bundle.ui-testing";
		};
/* End PBXNativeTarget section */

/* Begin PBXProject section */
		B9F6ACB92522552E001EA75C /* Project object */ = {
			isa = PBXProject;
			attributes = {
				LastSwiftUpdateCheck = 1200;
				LastUpgradeCheck = 1200;
				TargetAttributes = {
					B9F6ACC02522552E001EA75C = {
						CreatedOnToolsVersion = 12.0;
					};
					B9F6ACD92522553B001EA75C = {
						CreatedOnToolsVersion = 12.0;
						TestTargetID = B9F6ACC02522552E001EA75C;
					};
					B9F6ACE42522553B001EA75C = {
						CreatedOnToolsVersion = 12.0;
						TestTargetID = B9F6ACC02522552E001EA75C;
					};
				};
			};
			buildConfigurationList = B9F6ACBC2522552E001EA75C /* Build configuration list for PBXProject "TinderApp" */;
			compatibilityVersion = "Xcode 9.3";
			developmentRegion = en;
			hasScannedForEncodings = 0;
			knownRegions = (
				en,
				Base,
			);
			mainGroup = B9F6ACB82522552E001EA75C;
			productRefGroup = B9F6ACC22522552E001EA75C /* Products */;
			projectDirPath = "";
			projectRoot = "";
			targets = (
				B9F6ACC02522552E001EA75C /* TinderApp */,
				B9F6ACD92522553B001EA75C /* TinderAppTests */,
				B9F6ACE42522553B001EA75C /* TinderAppUITests */,
			);
		};
/* End PBXProject section */

/* Begin PBXResourcesBuildPhase section */
		B9F6ACBF2522552E001EA75C /* Resources */ = {
			isa = PBXResourcesBuildPhase;
			buildActionMask = 2147483647;
			files = (
				B9F6ACD42522553A001EA75C /* LaunchScreen.storyboard in Resources */,
				B96A8CFC252CD64F00A3A6B0 /* GoogleService-Info.plist in Resources */,
				B9F6ACD12522553A001EA75C /* Assets.xcassets in Resources */,
				B9F6ACCC2522552E001EA75C /* Main.storyboard in Resources */,
			);
			runOnlyForDeploymentPostprocessing = 0;
		};
		B9F6ACD82522553B001EA75C /* Resources */ = {
			isa = PBXResourcesBuildPhase;
			buildActionMask = 2147483647;
			files = (
			);
			runOnlyForDeploymentPostprocessing = 0;
		};
		B9F6ACE32522553B001EA75C /* Resources */ = {
			isa = PBXResourcesBuildPhase;
			buildActionMask = 2147483647;
			files = (
			);
			runOnlyForDeploymentPostprocessing = 0;
		};
/* End PBXResourcesBuildPhase section */

/* Begin PBXShellScriptBuildPhase section */
		3550BB1EC838BFD2E167A4E7 /* [CP] Check Pods Manifest.lock */ = {
			isa = PBXShellScriptBuildPhase;
			buildActionMask = 2147483647;
			files = (
			);
			inputFileListPaths = (
			);
			inputPaths = (
				"${PODS_PODFILE_DIR_PATH}/Podfile.lock",
				"${PODS_ROOT}/Manifest.lock",
			);
			name = "[CP] Check Pods Manifest.lock";
			outputFileListPaths = (
			);
			outputPaths = (
				"$(DERIVED_FILE_DIR)/Pods-TinderAppTests-checkManifestLockResult.txt",
			);
			runOnlyForDeploymentPostprocessing = 0;
			shellPath = /bin/sh;
			shellScript = "diff \"${PODS_PODFILE_DIR_PATH}/Podfile.lock\" \"${PODS_ROOT}/Manifest.lock\" > /dev/null\nif [ $? != 0 ] ; then\n    # print error to STDERR\n    echo \"error: The sandbox is not in sync with the Podfile.lock. Run 'pod install' or update your CocoaPods installation.\" >&2\n    exit 1\nfi\n# This output is used by Xcode 'outputs' to avoid re-running this script phase.\necho \"SUCCESS\" > \"${SCRIPT_OUTPUT_FILE_0}\"\n";
			showEnvVarsInLog = 0;
		};
		557914DDA3F4B47AA2D22FD3 /* [CP] Check Pods Manifest.lock */ = {
			isa = PBXShellScriptBuildPhase;
			buildActionMask = 2147483647;
			files = (
			);
			inputFileListPaths = (
			);
			inputPaths = (
				"${PODS_PODFILE_DIR_PATH}/Podfile.lock",
				"${PODS_ROOT}/Manifest.lock",
			);
			name = "[CP] Check Pods Manifest.lock";
			outputFileListPaths = (
			);
			outputPaths = (
				"$(DERIVED_FILE_DIR)/Pods-TinderApp-TinderAppUITests-checkManifestLockResult.txt",
			);
			runOnlyForDeploymentPostprocessing = 0;
			shellPath = /bin/sh;
			shellScript = "diff \"${PODS_PODFILE_DIR_PATH}/Podfile.lock\" \"${PODS_ROOT}/Manifest.lock\" > /dev/null\nif [ $? != 0 ] ; then\n    # print error to STDERR\n    echo \"error: The sandbox is not in sync with the Podfile.lock. Run 'pod install' or update your CocoaPods installation.\" >&2\n    exit 1\nfi\n# This output is used by Xcode 'outputs' to avoid re-running this script phase.\necho \"SUCCESS\" > \"${SCRIPT_OUTPUT_FILE_0}\"\n";
			showEnvVarsInLog = 0;
		};
		5837A48BCA7FC27E8DFC9FBA /* [CP] Embed Pods Frameworks */ = {
			isa = PBXShellScriptBuildPhase;
			buildActionMask = 2147483647;
			files = (
			);
			inputFileListPaths = (
				"${PODS_ROOT}/Target Support Files/Pods-TinderApp/Pods-TinderApp-frameworks-${CONFIGURATION}-input-files.xcfilelist",
			);
			name = "[CP] Embed Pods Frameworks";
			outputFileListPaths = (
				"${PODS_ROOT}/Target Support Files/Pods-TinderApp/Pods-TinderApp-frameworks-${CONFIGURATION}-output-files.xcfilelist",
			);
			runOnlyForDeploymentPostprocessing = 0;
			shellPath = /bin/sh;
			shellScript = "\"${PODS_ROOT}/Target Support Files/Pods-TinderApp/Pods-TinderApp-frameworks.sh\"\n";
			showEnvVarsInLog = 0;
		};
		89501D7ADEB199BAD79B205B /* [CP] Check Pods Manifest.lock */ = {
			isa = PBXShellScriptBuildPhase;
			buildActionMask = 2147483647;
			files = (
			);
			inputFileListPaths = (
			);
			inputPaths = (
				"${PODS_PODFILE_DIR_PATH}/Podfile.lock",
				"${PODS_ROOT}/Manifest.lock",
			);
			name = "[CP] Check Pods Manifest.lock";
			outputFileListPaths = (
			);
			outputPaths = (
				"$(DERIVED_FILE_DIR)/Pods-TinderApp-checkManifestLockResult.txt",
			);
			runOnlyForDeploymentPostprocessing = 0;
			shellPath = /bin/sh;
			shellScript = "diff \"${PODS_PODFILE_DIR_PATH}/Podfile.lock\" \"${PODS_ROOT}/Manifest.lock\" > /dev/null\nif [ $? != 0 ] ; then\n    # print error to STDERR\n    echo \"error: The sandbox is not in sync with the Podfile.lock. Run 'pod install' or update your CocoaPods installation.\" >&2\n    exit 1\nfi\n# This output is used by Xcode 'outputs' to avoid re-running this script phase.\necho \"SUCCESS\" > \"${SCRIPT_OUTPUT_FILE_0}\"\n";
			showEnvVarsInLog = 0;
		};
		FCBEC53277F84C1B2A62B53A /* [CP] Embed Pods Frameworks */ = {
			isa = PBXShellScriptBuildPhase;
			buildActionMask = 2147483647;
			files = (
			);
			inputFileListPaths = (
				"${PODS_ROOT}/Target Support Files/Pods-TinderApp-TinderAppUITests/Pods-TinderApp-TinderAppUITests-frameworks-${CONFIGURATION}-input-files.xcfilelist",
			);
			name = "[CP] Embed Pods Frameworks";
			outputFileListPaths = (
				"${PODS_ROOT}/Target Support Files/Pods-TinderApp-TinderAppUITests/Pods-TinderApp-TinderAppUITests-frameworks-${CONFIGURATION}-output-files.xcfilelist",
			);
			runOnlyForDeploymentPostprocessing = 0;
			shellPath = /bin/sh;
			shellScript = "\"${PODS_ROOT}/Target Support Files/Pods-TinderApp-TinderAppUITests/Pods-TinderApp-TinderAppUITests-frameworks.sh\"\n";
			showEnvVarsInLog = 0;
		};
/* End PBXShellScriptBuildPhase section */

/* Begin PBXSourcesBuildPhase section */
		B9F6ACBD2522552E001EA75C /* Sources */ = {
			isa = PBXSourcesBuildPhase;
			buildActionMask = 2147483647;
			files = (
				B9DE14DF2524EDA9001AD8D9 /* CardViewModel.swift in Sources */,
				B9172A1C252798990037966E /* LoginController.swift in Sources */,
				B96A8CF7252CC83B00A3A6B0 /* AuthenticationViewModel.swift in Sources */,
				B960D6A0252E3861003D4CE7 /* AuthService.swift in Sources */,
				B9172A2F2527AAD30037966E /* CustomAuthButton.swift in Sources */,
				B910F0A0252EBFDB0055DB57 /* Constantes.swift in Sources */,
				B9172A3A2527B8380037966E /* CustomAuthTextButton.swift in Sources */,
				B9F6AD0925225C3B001EA75C /* Extensions.swift in Sources */,
				B9F6AD04252256BF001EA75C /* HomeController.swift in Sources */,
				B9F6ACCF2522552E001EA75C /* TinderApp.xcdatamodeld in Sources */,
				B9F6ACC52522552E001EA75C /* AppDelegate.swift in Sources */,
				B960D6A8252E38F5003D4CE7 /* Service.swift in Sources */,
				B9172A2A2527A7CE0037966E /* CustomAuthTextField.swift in Sources */,
				B9F6AD0E25225E4E001EA75C /* HomeNavigationStackView.swift in Sources */,
				B9F6ACC72522552E001EA75C /* SceneDelegate.swift in Sources */,
				B9F6AD18252281CF001EA75C /* CardView.swift in Sources */,
				B9F6AD202522FEE8001EA75C /* Enums.swift in Sources */,
				B9DE14DA2524EC85001AD8D9 /* User.swift in Sources */,
				B9F6AD132522770A001EA75C /* BottomControlsStackView.swift in Sources */,
				B9172A242527990C0037966E /* RegistrationController.swift in Sources */,
			);
			runOnlyForDeploymentPostprocessing = 0;
		};
		B9F6ACD62522553B001EA75C /* Sources */ = {
			isa = PBXSourcesBuildPhase;
			buildActionMask = 2147483647;
			files = (
				B9F6ACDF2522553B001EA75C /* TinderAppTests.swift in Sources */,
			);
			runOnlyForDeploymentPostprocessing = 0;
		};
		B9F6ACE12522553B001EA75C /* Sources */ = {
			isa = PBXSourcesBuildPhase;
			buildActionMask = 2147483647;
			files = (
				B9F6ACEA2522553B001EA75C /* TinderAppUITests.swift in Sources */,
			);
			runOnlyForDeploymentPostprocessing = 0;
		};
/* End PBXSourcesBuildPhase section */

/* Begin PBXTargetDependency section */
		B9F6ACDC2522553B001EA75C /* PBXTargetDependency */ = {
			isa = PBXTargetDependency;
			target = B9F6ACC02522552E001EA75C /* TinderApp */;
			targetProxy = B9F6ACDB2522553B001EA75C /* PBXContainerItemProxy */;
		};
		B9F6ACE72522553B001EA75C /* PBXTargetDependency */ = {
			isa = PBXTargetDependency;
			target = B9F6ACC02522552E001EA75C /* TinderApp */;
			targetProxy = B9F6ACE62522553B001EA75C /* PBXContainerItemProxy */;
		};
/* End PBXTargetDependency section */

/* Begin PBXVariantGroup section */
		B9F6ACCA2522552E001EA75C /* Main.storyboard */ = {
			isa = PBXVariantGroup;
			children = (
				B9F6ACCB2522552E001EA75C /* Base */,
			);
			name = Main.storyboard;
			sourceTree = "<group>";
		};
		B9F6ACD22522553A001EA75C /* LaunchScreen.storyboard */ = {
			isa = PBXVariantGroup;
			children = (
				B9F6ACD32522553A001EA75C /* Base */,
			);
			name = LaunchScreen.storyboard;
			sourceTree = "<group>";
		};
/* End PBXVariantGroup section */

/* Begin XCBuildConfiguration section */
		B9F6ACEC2522553B001EA75C /* Debug */ = {
			isa = XCBuildConfiguration;
			buildSettings = {
				ALWAYS_SEARCH_USER_PATHS = NO;
				CLANG_ANALYZER_NONNULL = YES;
				CLANG_ANALYZER_NUMBER_OBJECT_CONVERSION = YES_AGGRESSIVE;
				CLANG_CXX_LANGUAGE_STANDARD = "gnu++14";
				CLANG_CXX_LIBRARY = "libc++";
				CLANG_ENABLE_MODULES = YES;
				CLANG_ENABLE_OBJC_ARC = YES;
				CLANG_ENABLE_OBJC_WEAK = YES;
				CLANG_WARN_BLOCK_CAPTURE_AUTORELEASING = YES;
				CLANG_WARN_BOOL_CONVERSION = YES;
				CLANG_WARN_COMMA = YES;
				CLANG_WARN_CONSTANT_CONVERSION = YES;
				CLANG_WARN_DEPRECATED_OBJC_IMPLEMENTATIONS = YES;
				CLANG_WARN_DIRECT_OBJC_ISA_USAGE = YES_ERROR;
				CLANG_WARN_DOCUMENTATION_COMMENTS = YES;
				CLANG_WARN_EMPTY_BODY = YES;
				CLANG_WARN_ENUM_CONVERSION = YES;
				CLANG_WARN_INFINITE_RECURSION = YES;
				CLANG_WARN_INT_CONVERSION = YES;
				CLANG_WARN_NON_LITERAL_NULL_CONVERSION = YES;
				CLANG_WARN_OBJC_IMPLICIT_RETAIN_SELF = YES;
				CLANG_WARN_OBJC_LITERAL_CONVERSION = YES;
				CLANG_WARN_OBJC_ROOT_CLASS = YES_ERROR;
				CLANG_WARN_QUOTED_INCLUDE_IN_FRAMEWORK_HEADER = YES;
				CLANG_WARN_RANGE_LOOP_ANALYSIS = YES;
				CLANG_WARN_STRICT_PROTOTYPES = YES;
				CLANG_WARN_SUSPICIOUS_MOVE = YES;
				CLANG_WARN_UNGUARDED_AVAILABILITY = YES_AGGRESSIVE;
				CLANG_WARN_UNREACHABLE_CODE = YES;
				CLANG_WARN__DUPLICATE_METHOD_MATCH = YES;
				COPY_PHASE_STRIP = NO;
				DEBUG_INFORMATION_FORMAT = dwarf;
				ENABLE_STRICT_OBJC_MSGSEND = YES;
				ENABLE_TESTABILITY = YES;
				GCC_C_LANGUAGE_STANDARD = gnu11;
				GCC_DYNAMIC_NO_PIC = NO;
				GCC_NO_COMMON_BLOCKS = YES;
				GCC_OPTIMIZATION_LEVEL = 0;
				GCC_PREPROCESSOR_DEFINITIONS = (
					"DEBUG=1",
					"$(inherited)",
				);
				GCC_WARN_64_TO_32_BIT_CONVERSION = YES;
				GCC_WARN_ABOUT_RETURN_TYPE = YES_ERROR;
				GCC_WARN_UNDECLARED_SELECTOR = YES;
				GCC_WARN_UNINITIALIZED_AUTOS = YES_AGGRESSIVE;
				GCC_WARN_UNUSED_FUNCTION = YES;
				GCC_WARN_UNUSED_VARIABLE = YES;
				IPHONEOS_DEPLOYMENT_TARGET = 14.0;
				MTL_ENABLE_DEBUG_INFO = INCLUDE_SOURCE;
				MTL_FAST_MATH = YES;
				ONLY_ACTIVE_ARCH = YES;
				SDKROOT = iphoneos;
				SWIFT_ACTIVE_COMPILATION_CONDITIONS = DEBUG;
				SWIFT_OPTIMIZATION_LEVEL = "-Onone";
			};
			name = Debug;
		};
		B9F6ACED2522553B001EA75C /* Release */ = {
			isa = XCBuildConfiguration;
			buildSettings = {
				ALWAYS_SEARCH_USER_PATHS = NO;
				CLANG_ANALYZER_NONNULL = YES;
				CLANG_ANALYZER_NUMBER_OBJECT_CONVERSION = YES_AGGRESSIVE;
				CLANG_CXX_LANGUAGE_STANDARD = "gnu++14";
				CLANG_CXX_LIBRARY = "libc++";
				CLANG_ENABLE_MODULES = YES;
				CLANG_ENABLE_OBJC_ARC = YES;
				CLANG_ENABLE_OBJC_WEAK = YES;
				CLANG_WARN_BLOCK_CAPTURE_AUTORELEASING = YES;
				CLANG_WARN_BOOL_CONVERSION = YES;
				CLANG_WARN_COMMA = YES;
				CLANG_WARN_CONSTANT_CONVERSION = YES;
				CLANG_WARN_DEPRECATED_OBJC_IMPLEMENTATIONS = YES;
				CLANG_WARN_DIRECT_OBJC_ISA_USAGE = YES_ERROR;
				CLANG_WARN_DOCUMENTATION_COMMENTS = YES;
				CLANG_WARN_EMPTY_BODY = YES;
				CLANG_WARN_ENUM_CONVERSION = YES;
				CLANG_WARN_INFINITE_RECURSION = YES;
				CLANG_WARN_INT_CONVERSION = YES;
				CLANG_WARN_NON_LITERAL_NULL_CONVERSION = YES;
				CLANG_WARN_OBJC_IMPLICIT_RETAIN_SELF = YES;
				CLANG_WARN_OBJC_LITERAL_CONVERSION = YES;
				CLANG_WARN_OBJC_ROOT_CLASS = YES_ERROR;
				CLANG_WARN_QUOTED_INCLUDE_IN_FRAMEWORK_HEADER = YES;
				CLANG_WARN_RANGE_LOOP_ANALYSIS = YES;
				CLANG_WARN_STRICT_PROTOTYPES = YES;
				CLANG_WARN_SUSPICIOUS_MOVE = YES;
				CLANG_WARN_UNGUARDED_AVAILABILITY = YES_AGGRESSIVE;
				CLANG_WARN_UNREACHABLE_CODE = YES;
				CLANG_WARN__DUPLICATE_METHOD_MATCH = YES;
				COPY_PHASE_STRIP = NO;
				DEBUG_INFORMATION_FORMAT = "dwarf-with-dsym";
				ENABLE_NS_ASSERTIONS = NO;
				ENABLE_STRICT_OBJC_MSGSEND = YES;
				GCC_C_LANGUAGE_STANDARD = gnu11;
				GCC_NO_COMMON_BLOCKS = YES;
				GCC_WARN_64_TO_32_BIT_CONVERSION = YES;
				GCC_WARN_ABOUT_RETURN_TYPE = YES_ERROR;
				GCC_WARN_UNDECLARED_SELECTOR = YES;
				GCC_WARN_UNINITIALIZED_AUTOS = YES_AGGRESSIVE;
				GCC_WARN_UNUSED_FUNCTION = YES;
				GCC_WARN_UNUSED_VARIABLE = YES;
				IPHONEOS_DEPLOYMENT_TARGET = 14.0;
				MTL_ENABLE_DEBUG_INFO = NO;
				MTL_FAST_MATH = YES;
				SDKROOT = iphoneos;
				SWIFT_COMPILATION_MODE = wholemodule;
				SWIFT_OPTIMIZATION_LEVEL = "-O";
				VALIDATE_PRODUCT = YES;
			};
			name = Release;
		};
		B9F6ACEF2522553B001EA75C /* Debug */ = {
			isa = XCBuildConfiguration;
			baseConfigurationReference = F141552B0027902652FD34F6 /* Pods-TinderApp.debug.xcconfig */;
			buildSettings = {
				ASSETCATALOG_COMPILER_APPICON_NAME = AppIcon;
				ASSETCATALOG_COMPILER_GLOBAL_ACCENT_COLOR_NAME = AccentColor;
				CODE_SIGN_STYLE = Automatic;
				DEVELOPMENT_TEAM = L3LNYN6YV3;
				INFOPLIST_FILE = TinderApp/Info.plist;
				LD_RUNPATH_SEARCH_PATHS = (
					"$(inherited)",
					"@executable_path/Frameworks",
				);
				PRODUCT_BUNDLE_IDENTIFIER = com.ijesusbarragan.TinderApp;
				PRODUCT_NAME = "$(TARGET_NAME)";
				SWIFT_VERSION = 5.0;
				TARGETED_DEVICE_FAMILY = "1,2";
			};
			name = Debug;
		};
		B9F6ACF02522553B001EA75C /* Release */ = {
			isa = XCBuildConfiguration;
			baseConfigurationReference = 040D49C4A41D9439B5D28F01 /* Pods-TinderApp.release.xcconfig */;
			buildSettings = {
				ASSETCATALOG_COMPILER_APPICON_NAME = AppIcon;
				ASSETCATALOG_COMPILER_GLOBAL_ACCENT_COLOR_NAME = AccentColor;
				CODE_SIGN_STYLE = Automatic;
				DEVELOPMENT_TEAM = L3LNYN6YV3;
				INFOPLIST_FILE = TinderApp/Info.plist;
				LD_RUNPATH_SEARCH_PATHS = (
					"$(inherited)",
					"@executable_path/Frameworks",
				);
				PRODUCT_BUNDLE_IDENTIFIER = com.ijesusbarragan.TinderApp;
				PRODUCT_NAME = "$(TARGET_NAME)";
				SWIFT_VERSION = 5.0;
				TARGETED_DEVICE_FAMILY = "1,2";
			};
			name = Release;
		};
		B9F6ACF22522553B001EA75C /* Debug */ = {
			isa = XCBuildConfiguration;
			baseConfigurationReference = 51DEEFC2CAB569DAB8E569FC /* Pods-TinderAppTests.debug.xcconfig */;
			buildSettings = {
				ALWAYS_EMBED_SWIFT_STANDARD_LIBRARIES = YES;
				BUNDLE_LOADER = "$(TEST_HOST)";
				CODE_SIGN_STYLE = Automatic;
				DEVELOPMENT_TEAM = L3LNYN6YV3;
				INFOPLIST_FILE = TinderAppTests/Info.plist;
				IPHONEOS_DEPLOYMENT_TARGET = 14.0;
				LD_RUNPATH_SEARCH_PATHS = (
					"$(inherited)",
					"@executable_path/Frameworks",
					"@loader_path/Frameworks",
				);
				PRODUCT_BUNDLE_IDENTIFIER = com.ijesusbarragan.TinderAppTests;
				PRODUCT_NAME = "$(TARGET_NAME)";
				SWIFT_VERSION = 5.0;
				TARGETED_DEVICE_FAMILY = "1,2";
				TEST_HOST = "$(BUILT_PRODUCTS_DIR)/TinderApp.app/TinderApp";
			};
			name = Debug;
		};
		B9F6ACF32522553B001EA75C /* Release */ = {
			isa = XCBuildConfiguration;
			baseConfigurationReference = CFAF7B594EFB9FE46B50AF8E /* Pods-TinderAppTests.release.xcconfig */;
			buildSettings = {
				ALWAYS_EMBED_SWIFT_STANDARD_LIBRARIES = YES;
				BUNDLE_LOADER = "$(TEST_HOST)";
				CODE_SIGN_STYLE = Automatic;
				DEVELOPMENT_TEAM = L3LNYN6YV3;
				INFOPLIST_FILE = TinderAppTests/Info.plist;
				IPHONEOS_DEPLOYMENT_TARGET = 14.0;
				LD_RUNPATH_SEARCH_PATHS = (
					"$(inherited)",
					"@executable_path/Frameworks",
					"@loader_path/Frameworks",
				);
				PRODUCT_BUNDLE_IDENTIFIER = com.ijesusbarragan.TinderAppTests;
				PRODUCT_NAME = "$(TARGET_NAME)";
				SWIFT_VERSION = 5.0;
				TARGETED_DEVICE_FAMILY = "1,2";
				TEST_HOST = "$(BUILT_PRODUCTS_DIR)/TinderApp.app/TinderApp";
			};
			name = Release;
		};
		B9F6ACF52522553B001EA75C /* Debug */ = {
			isa = XCBuildConfiguration;
			baseConfigurationReference = 3E9A29D2DB23508EFFE77AAB /* Pods-TinderApp-TinderAppUITests.debug.xcconfig */;
			buildSettings = {
				ALWAYS_EMBED_SWIFT_STANDARD_LIBRARIES = YES;
				CODE_SIGN_STYLE = Automatic;
				DEVELOPMENT_TEAM = L3LNYN6YV3;
				INFOPLIST_FILE = TinderAppUITests/Info.plist;
				LD_RUNPATH_SEARCH_PATHS = (
					"$(inherited)",
					"@executable_path/Frameworks",
					"@loader_path/Frameworks",
				);
				PRODUCT_BUNDLE_IDENTIFIER = com.ijesusbarragan.TinderAppUITests;
				PRODUCT_NAME = "$(TARGET_NAME)";
				SWIFT_VERSION = 5.0;
				TARGETED_DEVICE_FAMILY = "1,2";
				TEST_TARGET_NAME = TinderApp;
			};
			name = Debug;
		};
		B9F6ACF62522553B001EA75C /* Release */ = {
			isa = XCBuildConfiguration;
			baseConfigurationReference = 95022CB067B730E6C8ECFBAB /* Pods-TinderApp-TinderAppUITests.release.xcconfig */;
			buildSettings = {
				ALWAYS_EMBED_SWIFT_STANDARD_LIBRARIES = YES;
				CODE_SIGN_STYLE = Automatic;
				DEVELOPMENT_TEAM = L3LNYN6YV3;
				INFOPLIST_FILE = TinderAppUITests/Info.plist;
				LD_RUNPATH_SEARCH_PATHS = (
					"$(inherited)",
					"@executable_path/Frameworks",
					"@loader_path/Frameworks",
				);
				PRODUCT_BUNDLE_IDENTIFIER = com.ijesusbarragan.TinderAppUITests;
				PRODUCT_NAME = "$(TARGET_NAME)";
				SWIFT_VERSION = 5.0;
				TARGETED_DEVICE_FAMILY = "1,2";
				TEST_TARGET_NAME = TinderApp;
			};
			name = Release;
		};
/* End XCBuildConfiguration section */

/* Begin XCConfigurationList section */
		B9F6ACBC2522552E001EA75C /* Build configuration list for PBXProject "TinderApp" */ = {
			isa = XCConfigurationList;
			buildConfigurations = (
				B9F6ACEC2522553B001EA75C /* Debug */,
				B9F6ACED2522553B001EA75C /* Release */,
			);
			defaultConfigurationIsVisible = 0;
			defaultConfigurationName = Release;
		};
		B9F6ACEE2522553B001EA75C /* Build configuration list for PBXNativeTarget "TinderApp" */ = {
			isa = XCConfigurationList;
			buildConfigurations = (
				B9F6ACEF2522553B001EA75C /* Debug */,
				B9F6ACF02522553B001EA75C /* Release */,
			);
			defaultConfigurationIsVisible = 0;
			defaultConfigurationName = Release;
		};
		B9F6ACF12522553B001EA75C /* Build configuration list for PBXNativeTarget "TinderAppTests" */ = {
			isa = XCConfigurationList;
			buildConfigurations = (
				B9F6ACF22522553B001EA75C /* Debug */,
				B9F6ACF32522553B001EA75C /* Release */,
			);
			defaultConfigurationIsVisible = 0;
			defaultConfigurationName = Release;
		};
		B9F6ACF42522553B001EA75C /* Build configuration list for PBXNativeTarget "TinderAppUITests" */ = {
			isa = XCConfigurationList;
			buildConfigurations = (
				B9F6ACF52522553B001EA75C /* Debug */,
				B9F6ACF62522553B001EA75C /* Release */,
			);
			defaultConfigurationIsVisible = 0;
			defaultConfigurationName = Release;
		};
/* End XCConfigurationList section */

/* Begin XCVersionGroup section */
		B9F6ACCD2522552E001EA75C /* TinderApp.xcdatamodeld */ = {
			isa = XCVersionGroup;
			children = (
				B9F6ACCE2522552E001EA75C /* TinderApp.xcdatamodel */,
			);
			currentVersion = B9F6ACCE2522552E001EA75C /* TinderApp.xcdatamodel */;
			path = TinderApp.xcdatamodeld;
			sourceTree = "<group>";
			versionGroupType = wrapper.xcdatamodel;
		};
/* End XCVersionGroup section */
	};
	rootObject = B9F6ACB92522552E001EA75C /* Project object */;
}
